
Microsoft Visual Studio Solution File, Format Version 12.00
# Visual Studio Version 17
VisualStudioVersion = 17.12.35707.178
MinimumVisualStudioVersion = 10.0.40219.1
Project("{FAE04EC0-301F-11D3-BF4B-00C04F79EFBC}") = "AM.UI.Console", "AM.UI.Console\AM.UI.Console.csproj", "{9BDF81EB-0F7C-480B-8168-2D39DBF4A786}"
EndProject
Project("{FAE04EC0-301F-11D3-BF4B-00C04F79EFBC}") = "AM.ApplicationCore", "AM.ApplicationCore\AM.ApplicationCore.csproj", "{F93A44C2-EDA8-41DA-8493-F3F753BE2084}"
EndProject
Project("{FAE04EC0-301F-11D3-BF4B-00C04F79EFBC}") = "AM.Infrastructure", "AM.Infrastructure\AM.Infrastructure.csproj", "{435251A1-ACA5-424B-9FF3-78102B367D0F}"
EndProject
Global
	GlobalSection(SolutionConfigurationPlatforms) = preSolution
		Debug|Any CPU = Debug|Any CPU
		Release|Any CPU = Release|Any CPU
	EndGlobalSection
	GlobalSection(ProjectConfigurationPlatforms) = postSolution
		{9BDF81EB-0F7C-480B-8168-2D39DBF4A786}.Debug|Any CPU.ActiveCfg = Debug|Any CPU
		{9BDF81EB-0F7C-480B-8168-2D39DBF4A786}.Debug|Any CPU.Build.0 = Debug|Any CPU
		{9BDF81EB-0F7C-480B-8168-2D39DBF4A786}.Release|Any CPU.ActiveCfg = Release|Any CPU
		{9BDF81EB-0F7C-480B-8168-2D39DBF4A786}.Release|Any CPU.Build.0 = Release|Any CPU
		{F93A44C2-EDA8-41DA-8493-F3F753BE2084}.Debug|Any CPU.ActiveCfg = Debug|Any CPU
		{F93A44C2-EDA8-41DA-8493-F3F753BE2084}.Debug|Any CPU.Build.0 = Debug|Any CPU
		{F93A44C2-EDA8-41DA-8493-F3F753BE2084}.Release|Any CPU.ActiveCfg = Release|Any CPU
		{F93A44C2-EDA8-41DA-8493-F3F753BE2084}.Release|Any CPU.Build.0 = Release|Any CPU
		{435251A1-ACA5-424B-9FF3-78102B367D0F}.Debug|Any CPU.ActiveCfg = Debug|Any CPU
		{435251A1-ACA5-424B-9FF3-78102B367D0F}.Debug|Any CPU.Build.0 = Debug|Any CPU
		{435251A1-ACA5-424B-9FF3-78102B367D0F}.Release|Any CPU.ActiveCfg = Release|Any CPU
		{435251A1-ACA5-424B-9FF3-78102B367D0F}.Release|Any CPU.Build.0 = Release|Any CPU
	EndGlobalSection
	GlobalSection(SolutionProperties) = preSolution
		HideSolutionNode = FALSE
	EndGlobalSection
EndGlobal
